{
  "name": "text",
  "version": "1.0.0",
  "lockfileVersion": 3,
  "requires": true,
  "packages": {
    "": {
      "name": "text",
      "version": "1.0.0",
      "license": "ISC",
      "dependencies": {
        "axios": "^1.8.4",
        "bcrypt": "^5.1.1",
        "body-parser": "^1.20.3",
        "cookie-parser": "^1.4.7",
        "dotenv": "^16.4.7",
        "ejs": "^3.1.10",
        "express": "^4.21.2",
        "express-session": "^1.18.1",
        "http-errors": "^2.0.0",
        "morgan": "^1.10.0",
        "mysql2": "^3.14.0",
        "node-cache": "^5.1.2",
        "node-fetch": "^3.3.2",
        "nodemailer": "^6.10.0",
        "pdf-parse": "^1.1.1"
      },
      "devDependencies": {
        "nodemon": "^3.0.0"
      },
      "engines": {
        "node": "22.x",
        "npm": "10.x"
      }
    },
    "node_modules/axios": {
      "version": "1.8.4",
      "resolved": "https://registry.npmjs.org/axios/-/axios-1.8.4.tgz",
      "integrity": "sha512-0xM9OvoU+Vh5X2AVYxnx7B7L4ZZ6MjoXnLA86QswrvQbmmqS/UjGqFcy2tH5GSSbGdBDJgzsALvocKPYEPi5Gkg==",
      "dependencies": {
        "follow-redirects": "^1.15.6",
        "form-data": "^4.0.0",
        "proxy-from-env": "^1.1.0"
      }
    },
    "node_modules/body-parser": {
      "version": "1.20.3",
      "resolved": "https://registry.npmjs.org/body-parser/-/body-parser-1.20.3.tgz",
      "integrity": "sha512-dK4TirvvEHanGCvT2bKnwfJQch9GCstrul13Nuvr7j+tWEiXb27Fjo2yCdUbzvcbm4R8zxM+QKKA6xLz6UcTkjg==",
      "dependencies": {
        "bytes": "3.1.2",
        "content-type": "~1.0.5",
        "debug": "2.6.9",
        "depd": "2.0.0",
        "destroy": "1.2.0",
        "http-errors": "2.0.0",
        "iconv-lite": "0.4.24",
        "on-finished": "2.4.1",
        "qs": "6.13.0",
        "raw-body": "2.5.2",
        "type-is": "~1.6.18",
        "unpipe": "1.0.0"
      }
    }
  }
}
